{
  "name": "videogularhlsplayer",
  "version": "1.0.0",
  "lockfileVersion": 1,
  "requires": true,
  "dependencies": {
    "Base64": {
      "version": "0.1.4",
      "resolved": "https://registry.npmjs.org/Base64/-/Base64-0.1.4.tgz",
      "integrity": "sha1-6fbGvvVn/WNepBYqsU3TKedKpt4=",
      "dev": true
    },
    "angular": {
      "version": "1.6.1",
      "resolved": "https://registry.npmjs.org/angular/-/angular-1.6.1.tgz",
      "integrity": "sha1-p7bXY6dMFXMlaSYZ6XJX5p2baic="
    },
    "angular-sanitize": {
      "version": "1.6.1",
      "resolved": "https://registry.npmjs.org/angular-sanitize/-/angular-sanitize-1.6.1.tgz",
      "integrity": "sha1-ys/+wxme1mKXr7se82bsZmFrOz8="
    },
    "backoff": {
      "version": "1.0.0",
      "resolved": "https://registry.npmjs.org/backoff/-/backoff-1.0.0.tgz",
      "integrity": "sha1-AJgveBWOxtA/mWk+wPtfeyrR4o4=",
      "dev": true
    },
    "bal-util": {
      "version": "1.13.13",
      "resolved": "https://registry.npmjs.org/bal-util/-/bal-util-1.13.13.tgz",
      "integrity": "sha1-YyxJUgo2fsWqhUaI4Qgn2bUZMl8=",
      "dev": true
    },
    "base64-js": {
      "version": "0.0.2",
      "resolved": "https://registry.npmjs.org/base64-js/-/base64-js-0.0.2.tgz",
      "integrity": "sha1-Ak8Pcq+iW3X5wO5zzU9V7Bvtl4Q=",
      "dev": true
    },
    "bootstrap": {
      "version": "3.3.7",
      "resolved": "https://registry.npmjs.org/bootstrap/-/bootstrap-3.3.7.tgz",
      "integrity": "sha1-WjiTlFSfIzMIdaOxUGVldPip63E="
    },
    "bops": {
      "version": "0.0.6",
      "resolved": "https://registry.npmjs.org/bops/-/bops-0.0.6.tgz",
      "integrity": "sha1-CC0dVfoB5g29wuvC26N/ZZVUzzo=",
      "dev": true,
      "requires": {
        "base64-js": "0.0.2",
        "to-utf8": "0.0.1"
      }
    },
    "browserify": {
      "version": "1.16.8",
      "resolved": "https://registry.npmjs.org/browserify/-/browserify-1.16.8.tgz",
      "integrity": "sha1-0zeIztuyZh6y73ePXiDe1p1FHwE=",
      "dev": true,
      "requires": {
        "buffer-browserify": "0.0.5",
        "coffee-script": "1.12.7",
        "commondir": "0.0.2",
        "crypto-browserify": "0.4.0",
        "deputy": "0.0.4",
        "detective": "0.2.1",
        "http-browserify": "0.1.14",
        "nub": "0.0.0",
        "optimist": "0.3.7",
        "resolve": "0.2.8",
        "syntax-error": "0.0.1",
        "vm-browserify": "0.0.4"
      },
      "dependencies": {
        "optimist": {
          "version": "0.3.7",
          "resolved": "https://registry.npmjs.org/optimist/-/optimist-0.3.7.tgz",
          "integrity": "sha1-yQlBrVnkJzMokjB00s8ufLxuwNk=",
          "dev": true,
          "requires": {
            "wordwrap": "0.0.3"
          }
        }
      }
    },
    "browserify-server": {
      "version": "2.0.4",
      "resolved": "https://registry.npmjs.org/browserify-server/-/browserify-server-2.0.4.tgz",
      "integrity": "sha1-tkpfTquQv3ZBj5SSZk20H5xPeoY=",
      "dev": true,
      "requires": {
        "browserify": "1.16.8",
        "ecstatic": "0.1.7",
        "filed": "0.0.7",
        "optimist": "0.3.7"
      },
      "dependencies": {
        "ecstatic": {
          "version": "0.1.7",
          "resolved": "https://registry.npmjs.org/ecstatic/-/ecstatic-0.1.7.tgz",
          "integrity": "sha1-siEFaHicAp9hDqTgA5W7r2IgEDQ=",
          "dev": true,
          "requires": {
            "ent": "0.0.7",
            "mime": "1.2.5"
          }
        },
        "mime": {
          "version": "1.2.5",
          "resolved": "https://registry.npmjs.org/mime/-/mime-1.2.5.tgz",
          "integrity": "sha1-nu0HMCKov14WyFZsaGe4gyv7+hM=",
          "dev": true
        },
        "optimist": {
          "version": "0.3.7",
          "resolved": "https://registry.npmjs.org/optimist/-/optimist-0.3.7.tgz",
          "integrity": "sha1-yQlBrVnkJzMokjB00s8ufLxuwNk=",
          "dev": true,
          "requires": {
            "wordwrap": "0.0.3"
          }
        }
      }
    },
    "buffer-browserify": {
      "version": "0.0.5",
      "resolved": "https://registry.npmjs.org/buffer-browserify/-/buffer-browserify-0.0.5.tgz",
      "integrity": "sha1-iqaGMciogpxqTufvmjrH8sMemD4=",
      "dev": true,
      "requires": {
        "base64-js": "0.0.2"
      }
    },
    "coffee-script": {
      "version": "1.12.7",
      "resolved": "https://registry.npmjs.org/coffee-script/-/coffee-script-1.12.7.tgz",
      "integrity": "sha512-fLeEhqwymYat/MpTPUjSKHVYYl0ec2mOyALEMLmzr5i1isuG+6jfI2j2d5oBO3VIzgUXgBVIcOT9uH1TFxBckw==",
      "dev": true
    },
    "colors": {
      "version": "1.0.3",
      "resolved": "https://registry.npmjs.org/colors/-/colors-1.0.3.tgz",
      "integrity": "sha1-BDP0TYCWgP3rYO0mDxsMJi6CpAs=",
      "dev": true
    },
    "commondir": {
      "version": "0.0.2",
      "resolved": "https://registry.npmjs.org/commondir/-/commondir-0.0.2.tgz",
      "integrity": "sha1-xJyIgMb+loRLs1Jd0ucxQFDDie4=",
      "dev": true
    },
    "concat-stream": {
      "version": "1.0.1",
      "resolved": "https://registry.npmjs.org/concat-stream/-/concat-stream-1.0.1.tgz",
      "integrity": "sha1-AYsYvBx9BzotyCqkhEI0GixN158=",
      "dev": true,
      "requires": {
        "bops": "0.0.6"
      }
    },
    "crypto-browserify": {
      "version": "0.4.0",
      "resolved": "https://registry.npmjs.org/crypto-browserify/-/crypto-browserify-0.4.0.tgz",
      "integrity": "sha1-JG9qM3uITJn/6L+whaGEruYMM/M=",
      "dev": true
    },
    "deputy": {
      "version": "0.0.4",
      "resolved": "https://registry.npmjs.org/deputy/-/deputy-0.0.4.tgz",
      "integrity": "sha1-7cAKnvXFNSfEBTKFNMmXla2kHL8=",
      "dev": true,
      "requires": {
        "detective": "0.2.1",
        "mkdirp": "0.3.5"
      },
      "dependencies": {
        "mkdirp": {
          "version": "0.3.5",
          "resolved": "https://registry.npmjs.org/mkdirp/-/mkdirp-0.3.5.tgz",
          "integrity": "sha1-3j5fiWHIjHh+4TaN+EmsRBPsqNc=",
          "dev": true
        }
      }
    },
    "detective": {
      "version": "0.2.1",
      "resolved": "https://registry.npmjs.org/detective/-/detective-0.2.1.tgz",
      "integrity": "sha1-nOkmAf0iOBDClDKtA0+MYti4ZU8=",
      "dev": true,
      "requires": {
        "esprima": "0.9.9"
      }
    },
    "ecstatic": {
      "version": "0.6.1",
      "resolved": "https://registry.npmjs.org/ecstatic/-/ecstatic-0.6.1.tgz",
      "integrity": "sha1-zColJWwSLjWWMcGPZa98hwM4ygA=",
      "dev": true,
      "requires": {
        "he": "0.5.0",
        "mime": "1.6.0",
        "minimist": "1.2.0"
      }
    },
    "ent": {
      "version": "0.0.7",
      "resolved": "https://registry.npmjs.org/ent/-/ent-0.0.7.tgz",
      "integrity": "sha1-g11Of556jUkhxpLpAQ7JdtpemUk=",
      "dev": true
    },
    "esprima": {
      "version": "0.9.9",
      "resolved": "https://registry.npmjs.org/esprima/-/esprima-0.9.9.tgz",
      "integrity": "sha1-G5CSXJddYy1ygpOcO7nDpCPDBJA=",
      "dev": true
    },
    "faye-websocket": {
      "version": "0.4.4",
      "resolved": "https://registry.npmjs.org/faye-websocket/-/faye-websocket-0.4.4.tgz",
      "integrity": "sha1-wUxbO/FNdBf/v9mQwKdJXNnzN7w=",
      "dev": true
    },
    "filed": {
      "version": "0.0.7",
      "resolved": "https://registry.npmjs.org/filed/-/filed-0.0.7.tgz",
      "integrity": "sha1-MIfsUx+5p4YApuyOCxBuLFdNl3M=",
      "dev": true
    },
    "h": {
      "version": "0.1.0",
      "resolved": "https://registry.npmjs.org/h/-/h-0.1.0.tgz",
      "integrity": "sha1-JCEf4dnO8rNsro/4JVYG6hLs37U=",
      "dev": true
    },
    "he": {
      "version": "0.5.0",
      "resolved": "https://registry.npmjs.org/he/-/he-0.5.0.tgz",
      "integrity": "sha1-LAX/rvkLaOhg8/0rVO9YCYknfuI=",
      "dev": true
    },
    "hls.js": {
      "version": "0.8.9",
      "resolved": "https://registry.npmjs.org/hls.js/-/hls.js-0.8.9.tgz",
      "integrity": "sha1-2zZ8yZzlsJduo+BZodBE17B5Bpc=",
      "requires": {
        "url-toolkit": "2.1.4"
      }
    },
    "hound": {
      "version": "1.0.5",
      "resolved": "https://registry.npmjs.org/hound/-/hound-1.0.5.tgz",
      "integrity": "sha1-WbvTkiDrSlQd/04t40HW2vb4ook=",
      "dev": true
    },
    "http-browserify": {
      "version": "0.1.14",
      "resolved": "https://registry.npmjs.org/http-browserify/-/http-browserify-0.1.14.tgz",
      "integrity": "sha1-nIs/lAAiBFR8fL5Saa/i6mL3HH8=",
      "dev": true,
      "requires": {
        "Base64": "0.1.4",
        "concat-stream": "1.0.1"
      }
    },
    "http-server": {
      "version": "0.7.5",
      "resolved": "https://registry.npmjs.org/http-server/-/http-server-0.7.5.tgz",
      "integrity": "sha1-sYvR2DjnjDC+jPOC6TQuvdF6n8M=",
      "dev": true,
      "requires": {
        "colors": "1.0.3",
        "ecstatic": "0.6.1",
        "opener": "1.4.3",
        "optimist": "0.6.1",
        "portfinder": "0.2.1",
        "union": "0.4.6"
      }
    },
    "indexof": {
      "version": "0.0.1",
      "resolved": "https://registry.npmjs.org/indexof/-/indexof-0.0.1.tgz",
      "integrity": "sha1-gtwzbSMrkGIXnQWrMpOmYFn9Q10=",
      "dev": true
    },
    "jquery": {
      "version": "2.1.3",
      "resolved": "https://registry.npmjs.org/jquery/-/jquery-2.1.3.tgz",
      "integrity": "sha1-bsVSBGc9UF05Qyxb9c+tEOHbrS4="
    },
    "live-reload": {
      "version": "0.2.0",
      "resolved": "https://registry.npmjs.org/live-reload/-/live-reload-0.2.0.tgz",
      "integrity": "sha1-/Ass5KoZALIFXqfuJcHD/gq6z3M=",
      "dev": true,
      "requires": {
        "browserify-server": "2.0.4",
        "filed": "0.0.7",
        "hound": "1.0.5",
        "optimist": "0.3.7",
        "reconnect": "0.1.5",
        "shoe": "0.0.5",
        "watchr": "2.1.6"
      },
      "dependencies": {
        "optimist": {
          "version": "0.3.7",
          "resolved": "https://registry.npmjs.org/optimist/-/optimist-0.3.7.tgz",
          "integrity": "sha1-yQlBrVnkJzMokjB00s8ufLxuwNk=",
          "dev": true,
          "requires": {
            "wordwrap": "0.0.3"
          }
        }
      }
    },
    "mime": {
      "version": "1.6.0",
      "resolved": "https://registry.npmjs.org/mime/-/mime-1.6.0.tgz",
      "integrity": "sha512-x0Vn8spI+wuJ1O6S7gnbaQg8Pxh4NNHb7KSINmEWKiPE4RKOplvijn+NkmYmmRgP68mc70j2EbeTFRsrswaQeg==",
      "dev": true
    },
    "minimist": {
      "version": "1.2.0",
      "resolved": "https://registry.npmjs.org/minimist/-/minimist-1.2.0.tgz",
      "integrity": "sha1-o1AIsg9BOD7sH7kU9M1d95omQoQ=",
      "dev": true
    },
    "mkdirp": {
      "version": "0.0.7",
      "resolved": "https://registry.npmjs.org/mkdirp/-/mkdirp-0.0.7.tgz",
      "integrity": "sha1-2JtPDkw+XlylQjWTFnXglP4aUHI=",
      "dev": true
    },
    "node-uuid": {
      "version": "1.3.3",
      "resolved": "https://registry.npmjs.org/node-uuid/-/node-uuid-1.3.3.tgz",
      "integrity": "sha1-09tNe1aBDZ5AMjQnZigq8HORcps=",
      "dev": true
    },
    "nub": {
      "version": "0.0.0",
      "resolved": "https://registry.npmjs.org/nub/-/nub-0.0.0.tgz",
      "integrity": "sha1-s2m9Mr3eZq9ZYFw7BSC8IZ3MwE8=",
      "dev": true
    },
    "opener": {
      "version": "1.4.3",
      "resolved": "https://registry.npmjs.org/opener/-/opener-1.4.3.tgz",
      "integrity": "sha1-XG2ixdflgx6P+jlklQ+NZnSskLg=",
      "dev": true
    },
    "optimist": {
      "version": "0.6.1",
      "resolved": "https://registry.npmjs.org/optimist/-/optimist-0.6.1.tgz",
      "integrity": "sha1-2j6nRob6IaGaERwybpDrFaAZZoY=",
      "dev": true,
      "requires": {
        "minimist": "0.0.10",
        "wordwrap": "0.0.3"
      },
      "dependencies": {
        "minimist": {
          "version": "0.0.10",
          "resolved": "https://registry.npmjs.org/minimist/-/minimist-0.0.10.tgz",
          "integrity": "sha1-3j+YVD2/lggr5IrRoMfNqDYwHc8=",
          "dev": true
        }
      }
    },
    "portfinder": {
      "version": "0.2.1",
      "resolved": "https://registry.npmjs.org/portfinder/-/portfinder-0.2.1.tgz",
      "integrity": "sha1-srmwFk+eF/o6nH2yME0KdRQMca0=",
      "dev": true,
      "requires": {
        "mkdirp": "0.0.7"
      }
    },
    "qs": {
      "version": "2.3.3",
      "resolved": "https://registry.npmjs.org/qs/-/qs-2.3.3.tgz",
      "integrity": "sha1-6eha2+ddoLvkyOBHaghikPhjtAQ=",
      "dev": true
    },
    "reconnect": {
      "version": "0.1.5",
      "resolved": "https://registry.npmjs.org/reconnect/-/reconnect-0.1.5.tgz",
      "integrity": "sha1-3/6iUtYb6/swLsFwzvc9LS52WPI=",
      "dev": true,
      "requires": {
        "backoff": "1.0.0",
        "h": "0.1.0",
        "shoe": "0.0.15"
      },
      "dependencies": {
        "shoe": {
          "version": "0.0.15",
          "resolved": "https://registry.npmjs.org/shoe/-/shoe-0.0.15.tgz",
          "integrity": "sha1-uu2PGn8I9TC2bwkUKH/KplsSRDo=",
          "dev": true,
          "requires": {
            "sockjs": "0.3.7",
            "sockjs-client": "0.0.0-unreleasable"
          },
          "dependencies": {
            "sockjs-client": {
              "version": "0.0.0-unreleasable",
              "bundled": true,
              "dev": true
            }
          }
        }
      }
    },
    "resolve": {
      "version": "0.2.8",
      "resolved": "https://registry.npmjs.org/resolve/-/resolve-0.2.8.tgz",
      "integrity": "sha1-/bF9SrsOyvb4DWesA88pAIj2wNA=",
      "dev": true
    },
    "shoe": {
      "version": "0.0.5",
      "resolved": "https://registry.npmjs.org/shoe/-/shoe-0.0.5.tgz",
      "integrity": "sha1-e0LcIKymMWasV/FIUtSVoczT+7M=",
      "dev": true,
      "requires": {
        "sockjs-client": "git://github.com/substack/sockjs-client.git#40d48d06b4dba884416bf88a051f76ca3c8ffcae",
        "sockjs-windows": "0.3.1"
      }
    },
    "sockjs": {
      "version": "0.3.7",
      "resolved": "https://registry.npmjs.org/sockjs/-/sockjs-0.3.7.tgz",
      "integrity": "sha1-KVDgWG2KnTBElYqDGt5o2xl3Scs=",
      "dev": true,
      "requires": {
        "faye-websocket": "0.4.4",
        "node-uuid": "1.3.3"
      }
    },
    "sockjs-client": {
      "version": "git://github.com/substack/sockjs-client.git#40d48d06b4dba884416bf88a051f76ca3c8ffcae",
      "dev": true
    },
    "sockjs-windows": {
      "version": "0.3.1",
      "resolved": "https://registry.npmjs.org/sockjs-windows/-/sockjs-windows-0.3.1.tgz",
      "integrity": "sha1-mYWk5DV5HXaUCCmZVL2W3lacj/Y=",
      "dev": true,
      "requires": {
        "faye-websocket": "0.4.0",
        "node-uuid": "1.3.3"
      },
      "dependencies": {
        "faye-websocket": {
          "version": "0.4.0",
          "resolved": "https://registry.npmjs.org/faye-websocket/-/faye-websocket-0.4.0.tgz",
          "integrity": "sha1-6aj8az5aYQ8zCOi5eCh2oBp0V5k=",
          "dev": true
        }
      }
    },
    "syntax-error": {
      "version": "0.0.1",
      "resolved": "https://registry.npmjs.org/syntax-error/-/syntax-error-0.0.1.tgz",
      "integrity": "sha1-AZ0HU0jNjFt58GA8c+U4kafFI10=",
      "dev": true,
      "requires": {
        "esprima": "0.9.9"
      }
    },
    "to-utf8": {
      "version": "0.0.1",
      "resolved": "https://registry.npmjs.org/to-utf8/-/to-utf8-0.0.1.tgz",
      "integrity": "sha1-0Xrqcv8vujm55DYBvns/9y4ImFI=",
      "dev": true
    },
    "union": {
      "version": "0.4.6",
      "resolved": "https://registry.npmjs.org/union/-/union-0.4.6.tgz",
      "integrity": "sha1-GY+9rrolTniLDvy2MLwR8kopWeA=",
      "dev": true,
      "requires": {
        "qs": "2.3.3"
      }
    },
    "url-toolkit": {
      "version": "2.1.4",
      "resolved": "https://registry.npmjs.org/url-toolkit/-/url-toolkit-2.1.4.tgz",
      "integrity": "sha512-jAzm/85zNFfkW5Do/37GeGC7uGXBMMawToVdcf5SIpc+x9TmZDrRIUuLRPcvDMfqtt3m8VmDrYhCWh4UbsQLyg=="
    },
    "videogular": {
      "version": "1.4.4",
      "resolved": "https://registry.npmjs.org/videogular/-/videogular-1.4.4.tgz",
      "integrity": "sha1-yXqW8OVMM5TO/EvDi2Pfcw1DebU=",
      "requires": {
        "angular": "1.6.1",
        "angular-sanitize": "1.6.1"
      }
    },
    "videogular-buffering": {
      "version": "1.4.4",
      "resolved": "https://registry.npmjs.org/videogular-buffering/-/videogular-buffering-1.4.4.tgz",
      "integrity": "sha1-JOAbj5ae2x0BlnKOgtZdC0JnkPA=",
      "requires": {
        "videogular": "1.4.4"
      }
    },
    "videogular-controls": {
      "version": "1.4.4",
      "resolved": "https://registry.npmjs.org/videogular-controls/-/videogular-controls-1.4.4.tgz",
      "integrity": "sha1-epaD1tWDCxLvV/tV+bf9s2pAYuc=",
      "requires": {
        "videogular": "1.4.4"
      }
    },
    "videogular-overlay-play": {
      "version": "1.4.4",
      "resolved": "https://registry.npmjs.org/videogular-overlay-play/-/videogular-overlay-play-1.4.4.tgz",
      "integrity": "sha1-O8cQ3UiVjOuZ0CmCfp7f4UXqsQA=",
      "requires": {
        "videogular": "1.4.4"
      }
    },
    "videogular-poster": {
      "version": "1.4.4",
      "resolved": "https://registry.npmjs.org/videogular-poster/-/videogular-poster-1.4.4.tgz",
      "integrity": "sha1-1Y0rxwvqyS0Dqsaee7eINmMXCqw=",
      "requires": {
        "videogular": "1.4.4"
      }
    },
    "videogular-themes-default": {
      "version": "1.4.4",
      "resolved": "https://registry.npmjs.org/videogular-themes-default/-/videogular-themes-default-1.4.4.tgz",
      "integrity": "sha1-iMoBDLZhKwSfnw8ZfhjUmc04AO8=",
      "requires": {
        "videogular": "1.4.4"
      }
    },
    "vm-browserify": {
      "version": "0.0.4",
      "resolved": "https://registry.npmjs.org/vm-browserify/-/vm-browserify-0.0.4.tgz",
      "integrity": "sha1-XX6kW7755Kb/ZflUOOCofDV9WnM=",
      "dev": true,
      "requires": {
        "indexof": "0.0.1"
      }
    },
    "watchr": {
      "version": "2.1.6",
      "resolved": "https://registry.npmjs.org/watchr/-/watchr-2.1.6.tgz",
      "integrity": "sha1-bciVv2yVq29eBtgRlIsyCphBOJE=",
      "dev": true,
      "requires": {
        "bal-util": "1.13.13"
      }
    },
    "wordwrap": {
      "version": "0.0.3",
      "resolved": "https://registry.npmjs.org/wordwrap/-/wordwrap-0.0.3.tgz",
      "integrity": "sha1-o9XabNXAvAAI03I0u68b7WMFkQc=",
      "dev": true
    }
  }
}
